// !$*UTF8*$!
{
	archiveVersion = 1;
	classes = {
	};
	objectVersion = 56;
	objects = {

/* Begin PBXBuildFile section */
		4A73028D2A52E85D00E41EFB /* AppDelegate.swift in Sources */ = {isa = PBXBuildFile; fileRef = 4A73028C2A52E85D00E41EFB /* AppDelegate.swift */; };
		4A73028F2A52E85D00E41EFB /* SceneDelegate.swift in Sources */ = {isa = PBXBuildFile; fileRef = 4A73028E2A52E85D00E41EFB /* SceneDelegate.swift */; };
		4A7302912A52E85D00E41EFB /* ViewController.swift in Sources */ = {isa = PBXBuildFile; fileRef = 4A7302902A52E85D00E41EFB /* ViewController.swift */; };
		4A7302942A52E85D00E41EFB /* Main.storyboard in Resources */ = {isa = PBXBuildFile; fileRef = 4A7302922A52E85D00E41EFB /* Main.storyboard */; };
		4A7302962A52E85D00E41EFB /* Assets.xcassets in Resources */ = {isa = PBXBuildFile; fileRef = 4A7302952A52E85D00E41EFB /* Assets.xcassets */; };
		4A7302992A52E85D00E41EFB /* LaunchScreen.storyboard in Resources */ = {isa = PBXBuildFile; fileRef = 4A7302972A52E85D00E41EFB /* LaunchScreen.storyboard */; };
		4A7302A42A52E85E00E41EFB /* ExRefactor_10_6Tests.swift in Sources */ = {isa = PBXBuildFile; fileRef = 4A7302A32A52E85E00E41EFB /* ExRefactor_10_6Tests.swift */; };
		4A7302AE2A52E85E00E41EFB /* ExRefactor_10_6UITests.swift in Sources */ = {isa = PBXBuildFile; fileRef = 4A7302AD2A52E85E00E41EFB /* ExRefactor_10_6UITests.swift */; };
		4A7302B02A52E85E00E41EFB /* ExRefactor_10_6UITestsLaunchTests.swift in Sources */ = {isa = PBXBuildFile; fileRef = 4A7302AF2A52E85E00E41EFB /* ExRefactor_10_6UITestsLaunchTests.swift */; };
/* End PBXBuildFile section */

/* Begin PBXContainerItemProxy section */
		4A7302A02A52E85E00E41EFB /* PBXContainerItemProxy */ = {
			isa = PBXContainerItemProxy;
			containerPortal = 4A7302812A52E85D00E41EFB /* Project object */;
			proxyType = 1;
			remoteGlobalIDString = 4A7302882A52E85D00E41EFB;
			remoteInfo = ExRefactor_10_6;
		};
		4A7302AA2A52E85E00E41EFB /* PBXContainerItemProxy */ = {
			isa = PBXContainerItemProxy;
			containerPortal = 4A7302812A52E85D00E41EFB /* Project object */;
			proxyType = 1;
			remoteGlobalIDString = 4A7302882A52E85D00E41EFB;
			remoteInfo = ExRefactor_10_6;
		};
/* End PBXContainerItemProxy section */

/* Begin PBXFileReference section */
		4A7302892A52E85D00E41EFB /* ExRefactor_10_6.app */ = {isa = PBXFileReference; explicitFileType = wrapper.application; includeInIndex = 0; path = ExRefactor_10_6.app; sourceTree = BUILT_PRODUCTS_DIR; };
		4A73028C2A52E85D00E41EFB /* AppDelegate.swift */ = {isa = PBXFileReference; lastKnownFileType = sourcecode.swift; path = AppDelegate.swift; sourceTree = "<group>"; };
		4A73028E2A52E85D00E41EFB /* SceneDelegate.swift */ = {isa = PBXFileReference; lastKnownFileType = sourcecode.swift; path = SceneDelegate.swift; sourceTree = "<group>"; };
		4A7302902A52E85D00E41EFB /* ViewController.swift */ = {isa = PBXFileReference; lastKnownFileType = sourcecode.swift; path = ViewController.swift; sourceTree = "<group>"; };
		4A7302932A52E85D00E41EFB /* Base */ = {isa = PBXFileReference; lastKnownFileType = file.storyboard; name = Base; path = Base.lproj/Main.storyboard; sourceTree = "<group>"; };
		4A7302952A52E85D00E41EFB /* Assets.xcassets */ = {isa = PBXFileReference; lastKnownFileType = folder.assetcatalog; path = Assets.xcassets; sourceTree = "<group>"; };
		4A7302982A52E85D00E41EFB /* Base */ = {isa = PBXFileReference; lastKnownFileType = file.storyboard; name = Base; path = Base.lproj/LaunchScreen.storyboard; sourceTree = "<group>"; };
		4A73029A2A52E85D00E41EFB /* Info.plist */ = {isa = PBXFileReference; lastKnownFileType = text.plist.xml; path = Info.plist; sourceTree = "<group>"; };
		4A73029F2A52E85E00E41EFB /* ExRefactor_10_6Tests.xctest */ = {isa = PBXFileReference; explicitFileType = wrapper.cfbundle; includeInIndex = 0; path = ExRefactor_10_6Tests.xctest; sourceTree = BUILT_PRODUCTS_DIR; };
		4A7302A32A52E85E00E41EFB /* ExRefactor_10_6Tests.swift */ = {isa = PBXFileReference; lastKnownFileType = sourcecode.swift; path = ExRefactor_10_6Tests.swift; sourceTree = "<group>"; };
		4A7302A92A52E85E00E41EFB /* ExRefactor_10_6UITests.xctest */ = {isa = PBXFileReference; explicitFileType = wrapper.cfbundle; includeInIndex = 0; path = ExRefactor_10_6UITests.xctest; sourceTree = BUILT_PRODUCTS_DIR; };
		4A7302AD2A52E85E00E41EFB /* ExRefactor_10_6UITests.swift */ = {isa = PBXFileReference; lastKnownFileType = sourcecode.swift; path = ExRefactor_10_6UITests.swift; sourceTree = "<group>"; };
		4A7302AF2A52E85E00E41EFB /* ExRefactor_10_6UITestsLaunchTests.swift */ = {isa = PBXFileReference; lastKnownFileType = sourcecode.swift; path = ExRefactor_10_6UITestsLaunchTests.swift; sourceTree = "<group>"; };
/* End PBXFileReference section */

/* Begin PBXFrameworksBuildPhase section */
		4A7302862A52E85D00E41EFB /* Frameworks */ = {
			isa = PBXFrameworksBuildPhase;
			buildActionMask = 2147483647;
			files = (
			);
			runOnlyForDeploymentPostprocessing = 0;
		};
		4A73029C2A52E85E00E41EFB /* Frameworks */ = {
			isa = PBXFrameworksBuildPhase;
			buildActionMask = 2147483647;
			files = (
			);
			runOnlyForDeploymentPostprocessing = 0;
		};
		4A7302A62A52E85E00E41EFB /* Frameworks */ = {
			isa = PBXFrameworksBuildPhase;
			buildActionMask = 2147483647;
			files = (
			);
			runOnlyForDeploymentPostprocessing = 0;
		};
/* End PBXFrameworksBuildPhase section */

/* Begin PBXGroup section */
		4A7302802A52E85D00E41EFB = {
			isa = PBXGroup;
			children = (
				4A73028B2A52E85D00E41EFB /* ExRefactor_10_6 */,
				4A7302A22A52E85E00E41EFB /* ExRefactor_10_6Tests */,
				4A7302AC2A52E85E00E41EFB /* ExRefactor_10_6UITests */,
				4A73028A2A52E85D00E41EFB /* Products */,
			);
			sourceTree = "<group>";
		};
		4A73028A2A52E85D00E41EFB /* Products */ = {
			isa = PBXGroup;
			children = (
				4A7302892A52E85D00E41EFB /* ExRefactor_10_6.app */,
				4A73029F2A52E85E00E41EFB /* ExRefactor_10_6Tests.xctest */,
				4A7302A92A52E85E00E41EFB /* ExRefactor_10_6UITests.xctest */,
			);
			name = Products;
			sourceTree = "<group>";
		};
		4A73028B2A52E85D00E41EFB /* ExRefactor_10_6 */ = {
			isa = PBXGroup;
			children = (
				4A73028C2A52E85D00E41EFB /* AppDelegate.swift */,
				4A73028E2A52E85D00E41EFB /* SceneDelegate.swift */,
				4A7302902A52E85D00E41EFB /* ViewController.swift */,
				4A7302922A52E85D00E41EFB /* Main.storyboard */,
				4A7302952A52E85D00E41EFB /* Assets.xcassets */,
				4A7302972A52E85D00E41EFB /* LaunchScreen.storyboard */,
				4A73029A2A52E85D00E41EFB /* Info.plist */,
			);
			path = ExRefactor_10_6;
			sourceTree = "<group>";
		};
		4A7302A22A52E85E00E41EFB /* ExRefactor_10_6Tests */ = {
			isa = PBXGroup;
			children = (
				4A7302A32A52E85E00E41EFB /* ExRefactor_10_6Tests.swift */,
			);
			path = ExRefactor_10_6Tests;
			sourceTree = "<group>";
		};
		4A7302AC2A52E85E00E41EFB /* ExRefactor_10_6UITests */ = {
			isa = PBXGroup;
			children = (
				4A7302AD2A52E85E00E41EFB /* ExRefactor_10_6UITests.swift */,
				4A7302AF2A52E85E00E41EFB /* ExRefactor_10_6UITestsLaunchTests.swift */,
			);
			path = ExRefactor_10_6UITests;
			sourceTree = "<group>";
		};
/* End PBXGroup section */

/* Begin PBXNativeTarget section */
		4A7302882A52E85D00E41EFB /* ExRefactor_10_6 */ = {
			isa = PBXNativeTarget;
			buildConfigurationList = 4A7302B32A52E85E00E41EFB /* Build configuration list for PBXNativeTarget "ExRefactor_10_6" */;
			buildPhases = (
				4A7302852A52E85D00E41EFB /* Sources */,
				4A7302862A52E85D00E41EFB /* Frameworks */,
				4A7302872A52E85D00E41EFB /* Resources */,
			);
			buildRules = (
			);
			dependencies = (
			);
			name = ExRefactor_10_6;
			productName = ExRefactor_10_6;
			productReference = 4A7302892A52E85D00E41EFB /* ExRefactor_10_6.app */;
			productType = "com.apple.product-type.application";
		};
		4A73029E2A52E85E00E41EFB /* ExRefactor_10_6Tests */ = {
			isa = PBXNativeTarget;
			buildConfigurationList = 4A7302B62A52E85E00E41EFB /* Build configuration list for PBXNativeTarget "ExRefactor_10_6Tests" */;
			buildPhases = (
				4A73029B2A52E85E00E41EFB /* Sources */,
				4A73029C2A52E85E00E41EFB /* Frameworks */,
				4A73029D2A52E85E00E41EFB /* Resources */,
			);
			buildRules = (
			);
			dependencies = (
				4A7302A12A52E85E00E41EFB /* PBXTargetDependency */,
			);
			name = ExRefactor_10_6Tests;
			productName = ExRefactor_10_6Tests;
			productReference = 4A73029F2A52E85E00E41EFB /* ExRefactor_10_6Tests.xctest */;
			productType = "com.apple.product-type.bundle.unit-test";
		};
		4A7302A82A52E85E00E41EFB /* ExRefactor_10_6UITests */ = {
			isa = PBXNativeTarget;
			buildConfigurationList = 4A7302B92A52E85E00E41EFB /* Build configuration list for PBXNativeTarget "ExRefactor_10_6UITests" */;
			buildPhases = (
				4A7302A52A52E85E00E41EFB /* Sources */,
				4A7302A62A52E85E00E41EFB /* Frameworks */,
				4A7302A72A52E85E00E41EFB /* Resources */,
			);
			buildRules = (
			);
			dependencies = (
				4A7302AB2A52E85E00E41EFB /* PBXTargetDependency */,
			);
			name = ExRefactor_10_6UITests;
			productName = ExRefactor_10_6UITests;
			productReference = 4A7302A92A52E85E00E41EFB /* ExRefactor_10_6UITests.xctest */;
			productType = "com.apple.product-type.bundle.ui-testing";
		};
/* End PBXNativeTarget section */

/* Begin PBXProject section */
		4A7302812A52E85D00E41EFB /* Project object */ = {
			isa = PBXProject;
			attributes = {
				BuildIndependentTargetsInParallel = 1;
				LastSwiftUpdateCheck = 1430;
				LastUpgradeCheck = 1430;
				TargetAttributes = {
					4A7302882A52E85D00E41EFB = {
						CreatedOnToolsVersion = 14.3.1;
					};
					4A73029E2A52E85E00E41EFB = {
						CreatedOnToolsVersion = 14.3.1;
						TestTargetID = 4A7302882A52E85D00E41EFB;
					};
					4A7302A82A52E85E00E41EFB = {
						CreatedOnToolsVersion = 14.3.1;
						TestTargetID = 4A7302882A52E85D00E41EFB;
					};
				};
			};
			buildConfigurationList = 4A7302842A52E85D00E41EFB /* Build configuration list for PBXProject "ExRefactor_10_6" */;
			compatibilityVersion = "Xcode 14.0";
			developmentRegion = en;
			hasScannedForEncodings = 0;
			knownRegions = (
				en,
				Base,
			);
			mainGroup = 4A7302802A52E85D00E41EFB;
			productRefGroup = 4A73028A2A52E85D00E41EFB /* Products */;
			projectDirPath = "";
			projectRoot = "";
			targets = (
				4A7302882A52E85D00E41EFB /* ExRefactor_10_6 */,
				4A73029E2A52E85E00E41EFB /* ExRefactor_10_6Tests */,
				4A7302A82A52E85E00E41EFB /* ExRefactor_10_6UITests */,
			);
		};
/* End PBXProject section */

/* Begin PBXResourcesBuildPhase section */
		4A7302872A52E85D00E41EFB /* Resources */ = {
			isa = PBXResourcesBuildPhase;
			buildActionMask = 2147483647;
			files = (
				4A7302992A52E85D00E41EFB /* LaunchScreen.storyboard in Resources */,
				4A7302962A52E85D00E41EFB /* Assets.xcassets in Resources */,
				4A7302942A52E85D00E41EFB /* Main.storyboard in Resources */,
			);
			runOnlyForDeploymentPostprocessing = 0;
		};
		4A73029D2A52E85E00E41EFB /* Resources */ = {
			isa = PBXResourcesBuildPhase;
			buildActionMask = 2147483647;
			files = (
			);
			runOnlyForDeploymentPostprocessing = 0;
		};
		4A7302A72A52E85E00E41EFB /* Resources */ = {
			isa = PBXResourcesBuildPhase;
			buildActionMask = 2147483647;
			files = (
			);
			runOnlyForDeploymentPostprocessing = 0;
		};
/* End PBXResourcesBuildPhase section */

/* Begin PBXSourcesBuildPhase section */
		4A7302852A52E85D00E41EFB /* Sources */ = {
			isa = PBXSourcesBuildPhase;
			buildActionMask = 2147483647;
			files = (
				4A7302912A52E85D00E41EFB /* ViewController.swift in Sources */,
				4A73028D2A52E85D00E41EFB /* AppDelegate.swift in Sources */,
				4A73028F2A52E85D00E41EFB /* SceneDelegate.swift in Sources */,
			);
			runOnlyForDeploymentPostprocessing = 0;
		};
		4A73029B2A52E85E00E41EFB /* Sources */ = {
			isa = PBXSourcesBuildPhase;
			buildActionMask = 2147483647;
			files = (
				4A7302A42A52E85E00E41EFB /* ExRefactor_10_6Tests.swift in Sources */,
			);
			runOnlyForDeploymentPostprocessing = 0;
		};
		4A7302A52A52E85E00E41EFB /* Sources */ = {
			isa = PBXSourcesBuildPhase;
			buildActionMask = 2147483647;
			files = (
				4A7302AE2A52E85E00E41EFB /* ExRefactor_10_6UITests.swift in Sources */,
				4A7302B02A52E85E00E41EFB /* ExRefactor_10_6UITestsLaunchTests.swift in Sources */,
			);
			runOnlyForDeploymentPostprocessing = 0;
		};
/* End PBXSourcesBuildPhase section */

/* Begin PBXTargetDependency section */
		4A7302A12A52E85E00E41EFB /* PBXTargetDependency */ = {
			isa = PBXTargetDependency;
			target = 4A7302882A52E85D00E41EFB /* ExRefactor_10_6 */;
			targetProxy = 4A7302A02A52E85E00E41EFB /* PBXContainerItemProxy */;
		};
		4A7302AB2A52E85E00E41EFB /* PBXTargetDependency */ = {
			isa = PBXTargetDependency;
			target = 4A7302882A52E85D00E41EFB /* ExRefactor_10_6 */;
			targetProxy = 4A7302AA2A52E85E00E41EFB /* PBXContainerItemProxy */;
		};
/* End PBXTargetDependency section */

/* Begin PBXVariantGroup section */
		4A7302922A52E85D00E41EFB /* Main.storyboard */ = {
			isa = PBXVariantGroup;
			children = (
				4A7302932A52E85D00E41EFB /* Base */,
			);
			name = Main.storyboard;
			sourceTree = "<group>";
		};
		4A7302972A52E85D00E41EFB /* LaunchScreen.storyboard */ = {
			isa = PBXVariantGroup;
			children = (
				4A7302982A52E85D00E41EFB /* Base */,
			);
			name = LaunchScreen.storyboard;
			sourceTree = "<group>";
		};
/* End PBXVariantGroup section */

/* Begin XCBuildConfiguration section */
		4A7302B12A52E85E00E41EFB /* Debug */ = {
			isa = XCBuildConfiguration;
			buildSettings = {
				ALWAYS_SEARCH_USER_PATHS = NO;
				CLANG_ANALYZER_NONNULL = YES;
				CLANG_ANALYZER_NUMBER_OBJECT_CONVERSION = YES_AGGRESSIVE;
				CLANG_CXX_LANGUAGE_STANDARD = "gnu++20";
				CLANG_ENABLE_MODULES = YES;
				CLANG_ENABLE_OBJC_ARC = YES;
				CLANG_ENABLE_OBJC_WEAK = YES;
				CLANG_WARN_BLOCK_CAPTURE_AUTORELEASING = YES;
				CLANG_WARN_BOOL_CONVERSION = YES;
				CLANG_WARN_COMMA = YES;
				CLANG_WARN_CONSTANT_CONVERSION = YES;
				CLANG_WARN_DEPRECATED_OBJC_IMPLEMENTATIONS = YES;
				CLANG_WARN_DIRECT_OBJC_ISA_USAGE = YES_ERROR;
				CLANG_WARN_DOCUMENTATION_COMMENTS = YES;
				CLANG_WARN_EMPTY_BODY = YES;
				CLANG_WARN_ENUM_CONVERSION = YES;
				CLANG_WARN_INFINITE_RECURSION = YES;
				CLANG_WARN_INT_CONVERSION = YES;
				CLANG_WARN_NON_LITERAL_NULL_CONVERSION = YES;
				CLANG_WARN_OBJC_IMPLICIT_RETAIN_SELF = YES;
				CLANG_WARN_OBJC_LITERAL_CONVERSION = YES;
				CLANG_WARN_OBJC_ROOT_CLASS = YES_ERROR;
				CLANG_WARN_QUOTED_INCLUDE_IN_FRAMEWORK_HEADER = YES;
				CLANG_WARN_RANGE_LOOP_ANALYSIS = YES;
				CLANG_WARN_STRICT_PROTOTYPES = YES;
				CLANG_WARN_SUSPICIOUS_MOVE = YES;
				CLANG_WARN_UNGUARDED_AVAILABILITY = YES_AGGRESSIVE;
				CLANG_WARN_UNREACHABLE_CODE = YES;
				CLANG_WARN__DUPLICATE_METHOD_MATCH = YES;
				COPY_PHASE_STRIP = NO;
				DEBUG_INFORMATION_FORMAT = dwarf;
				ENABLE_STRICT_OBJC_MSGSEND = YES;
				ENABLE_TESTABILITY = YES;
				GCC_C_LANGUAGE_STANDARD = gnu11;
				GCC_DYNAMIC_NO_PIC = NO;
				GCC_NO_COMMON_BLOCKS = YES;
				GCC_OPTIMIZATION_LEVEL = 0;
				GCC_PREPROCESSOR_DEFINITIONS = (
					"DEBUG=1",
					"$(inherited)",
				);
				GCC_WARN_64_TO_32_BIT_CONVERSION = YES;
				GCC_WARN_ABOUT_RETURN_TYPE = YES_ERROR;
				GCC_WARN_UNDECLARED_SELECTOR = YES;
				GCC_WARN_UNINITIALIZED_AUTOS = YES_AGGRESSIVE;
				GCC_WARN_UNUSED_FUNCTION = YES;
				GCC_WARN_UNUSED_VARIABLE = YES;
				IPHONEOS_DEPLOYMENT_TARGET = 16.4;
				MTL_ENABLE_DEBUG_INFO = INCLUDE_SOURCE;
				MTL_FAST_MATH = YES;
				ONLY_ACTIVE_ARCH = YES;
				SDKROOT = iphoneos;
				SWIFT_ACTIVE_COMPILATION_CONDITIONS = DEBUG;
				SWIFT_OPTIMIZATION_LEVEL = "-Onone";
			};
			name = Debug;
		};
		4A7302B22A52E85E00E41EFB /* Release */ = {
			isa = XCBuildConfiguration;
			buildSettings = {
				ALWAYS_SEARCH_USER_PATHS = NO;
				CLANG_ANALYZER_NONNULL = YES;
				CLANG_ANALYZER_NUMBER_OBJECT_CONVERSION = YES_AGGRESSIVE;
				CLANG_CXX_LANGUAGE_STANDARD = "gnu++20";
				CLANG_ENABLE_MODULES = YES;
				CLANG_ENABLE_OBJC_ARC = YES;
				CLANG_ENABLE_OBJC_WEAK = YES;
				CLANG_WARN_BLOCK_CAPTURE_AUTORELEASING = YES;
				CLANG_WARN_BOOL_CONVERSION = YES;
				CLANG_WARN_COMMA = YES;
				CLANG_WARN_CONSTANT_CONVERSION = YES;
				CLANG_WARN_DEPRECATED_OBJC_IMPLEMENTATIONS = YES;
				CLANG_WARN_DIRECT_OBJC_ISA_USAGE = YES_ERROR;
				CLANG_WARN_DOCUMENTATION_COMMENTS = YES;
				CLANG_WARN_EMPTY_BODY = YES;
				CLANG_WARN_ENUM_CONVERSION = YES;
				CLANG_WARN_INFINITE_RECURSION = YES;
				CLANG_WARN_INT_CONVERSION = YES;
				CLANG_WARN_NON_LITERAL_NULL_CONVERSION = YES;
				CLANG_WARN_OBJC_IMPLICIT_RETAIN_SELF = YES;
				CLANG_WARN_OBJC_LITERAL_CONVERSION = YES;
				CLANG_WARN_OBJC_ROOT_CLASS = YES_ERROR;
				CLANG_WARN_QUOTED_INCLUDE_IN_FRAMEWORK_HEADER = YES;
				CLANG_WARN_RANGE_LOOP_ANALYSIS = YES;
				CLANG_WARN_STRICT_PROTOTYPES = YES;
				CLANG_WARN_SUSPICIOUS_MOVE = YES;
				CLANG_WARN_UNGUARDED_AVAILABILITY = YES_AGGRESSIVE;
				CLANG_WARN_UNREACHABLE_CODE = YES;
				CLANG_WARN__DUPLICATE_METHOD_MATCH = YES;
				COPY_PHASE_STRIP = NO;
				DEBUG_INFORMATION_FORMAT = "dwarf-with-dsym";
				ENABLE_NS_ASSERTIONS = NO;
				ENABLE_STRICT_OBJC_MSGSEND = YES;
				GCC_C_LANGUAGE_STANDARD = gnu11;
				GCC_NO_COMMON_BLOCKS = YES;
				GCC_WARN_64_TO_32_BIT_CONVERSION = YES;
				GCC_WARN_ABOUT_RETURN_TYPE = YES_ERROR;
				GCC_WARN_UNDECLARED_SELECTOR = YES;
				GCC_WARN_UNINITIALIZED_AUTOS = YES_AGGRESSIVE;
				GCC_WARN_UNUSED_FUNCTION = YES;
				GCC_WARN_UNUSED_VARIABLE = YES;
				IPHONEOS_DEPLOYMENT_TARGET = 16.4;
				MTL_ENABLE_DEBUG_INFO = NO;
				MTL_FAST_MATH = YES;
				SDKROOT = iphoneos;
				SWIFT_COMPILATION_MODE = wholemodule;
				SWIFT_OPTIMIZATION_LEVEL = "-O";
				VALIDATE_PRODUCT = YES;
			};
			name = Release;
		};
		4A7302B42A52E85E00E41EFB /* Debug */ = {
			isa = XCBuildConfiguration;
			buildSettings = {
				ASSETCATALOG_COMPILER_APPICON_NAME = AppIcon;
				ASSETCATALOG_COMPILER_GLOBAL_ACCENT_COLOR_NAME = AccentColor;
				CODE_SIGN_STYLE = Automatic;
				CURRENT_PROJECT_VERSION = 1;
				DEVELOPMENT_TEAM = SS7U83UJNK;
				GENERATE_INFOPLIST_FILE = YES;
				INFOPLIST_FILE = ExRefactor_10_6/Info.plist;
				INFOPLIST_KEY_UIApplicationSupportsIndirectInputEvents = YES;
				INFOPLIST_KEY_UILaunchStoryboardName = LaunchScreen;
				INFOPLIST_KEY_UIMainStoryboardFile = Main;
				INFOPLIST_KEY_UISupportedInterfaceOrientations_iPad = "UIInterfaceOrientationPortrait UIInterfaceOrientationPortraitUpsideDown UIInterfaceOrientationLandscapeLeft UIInterfaceOrientationLandscapeRight";
				INFOPLIST_KEY_UISupportedInterfaceOrientations_iPhone = "UIInterfaceOrientationPortrait UIInterfaceOrientationLandscapeLeft UIInterfaceOrientationLandscapeRight";
				LD_RUNPATH_SEARCH_PATHS = (
					"$(inherited)",
					"@executable_path/Frameworks",
				);
				MARKETING_VERSION = 1.0;
				PRODUCT_BUNDLE_IDENTIFIER = "com.jake.ExRefactor-10-6";
				PRODUCT_NAME = "$(TARGET_NAME)";
				SWIFT_EMIT_LOC_STRINGS = YES;
				SWIFT_VERSION = 5.0;
				TARGETED_DEVICE_FAMILY = "1,2";
			};
			name = Debug;
		};
		4A7302B52A52E85E00E41EFB /* Release */ = {
			isa = XCBuildConfiguration;
			buildSettings = {
				ASSETCATALOG_COMPILER_APPICON_NAME = AppIcon;
				ASSETCATALOG_COMPILER_GLOBAL_ACCENT_COLOR_NAME = AccentColor;
				CODE_SIGN_STYLE = Automatic;
				CURRENT_PROJECT_VERSION = 1;
				DEVELOPMENT_TEAM = SS7U83UJNK;
				GENERATE_INFOPLIST_FILE = YES;
				INFOPLIST_FILE = ExRefactor_10_6/Info.plist;
				INFOPLIST_KEY_UIApplicationSupportsIndirectInputEvents = YES;
				INFOPLIST_KEY_UILaunchStoryboardName = LaunchScreen;
				INFOPLIST_KEY_UIMainStoryboardFile = Main;
				INFOPLIST_KEY_UISupportedInterfaceOrientations_iPad = "UIInterfaceOrientationPortrait UIInterfaceOrientationPortraitUpsideDown UIInterfaceOrientationLandscapeLeft UIInterfaceOrientationLandscapeRight";
				INFOPLIST_KEY_UISupportedInterfaceOrientations_iPhone = "UIInterfaceOrientationPortrait UIInterfaceOrientationLandscapeLeft UIInterfaceOrientationLandscapeRight";
				LD_RUNPATH_SEARCH_PATHS = (
					"$(inherited)",
					"@executable_path/Frameworks",
				);
				MARKETING_VERSION = 1.0;
				PRODUCT_BUNDLE_IDENTIFIER = "com.jake.ExRefactor-10-6";
				PRODUCT_NAME = "$(TARGET_NAME)";
				SWIFT_EMIT_LOC_STRINGS = YES;
				SWIFT_VERSION = 5.0;
				TARGETED_DEVICE_FAMILY = "1,2";
			};
			name = Release;
		};
		4A7302B72A52E85E00E41EFB /* Debug */ = {
			isa = XCBuildConfiguration;
			buildSettings = {
				ALWAYS_EMBED_SWIFT_STANDARD_LIBRARIES = YES;
				BUNDLE_LOADER = "$(TEST_HOST)";
				CODE_SIGN_STYLE = Automatic;
				CURRENT_PROJECT_VERSION = 1;
				DEVELOPMENT_TEAM = SS7U83UJNK;
				GENERATE_INFOPLIST_FILE = YES;
				IPHONEOS_DEPLOYMENT_TARGET = 16.4;
				MARKETING_VERSION = 1.0;
				PRODUCT_BUNDLE_IDENTIFIER = "com.jake.ExRefactor-10-6Tests";
				PRODUCT_NAME = "$(TARGET_NAME)";
				SWIFT_EMIT_LOC_STRINGS = NO;
				SWIFT_VERSION = 5.0;
				TARGETED_DEVICE_FAMILY = "1,2";
				TEST_HOST = "$(BUILT_PRODUCTS_DIR)/ExRefactor_10_6.app/$(BUNDLE_EXECUTABLE_FOLDER_PATH)/ExRefactor_10_6";
			};
			name = Debug;
		};
		4A7302B82A52E85E00E41EFB /* Release */ = {
			isa = XCBuildConfiguration;
			buildSettings = {
				ALWAYS_EMBED_SWIFT_STANDARD_LIBRARIES = YES;
				BUNDLE_LOADER = "$(TEST_HOST)";
				CODE_SIGN_STYLE = Automatic;
				CURRENT_PROJECT_VERSION = 1;
				DEVELOPMENT_TEAM = SS7U83UJNK;
				GENERATE_INFOPLIST_FILE = YES;
				IPHONEOS_DEPLOYMENT_TARGET = 16.4;
				MARKETING_VERSION = 1.0;
				PRODUCT_BUNDLE_IDENTIFIER = "com.jake.ExRefactor-10-6Tests";
				PRODUCT_NAME = "$(TARGET_NAME)";
				SWIFT_EMIT_LOC_STRINGS = NO;
				SWIFT_VERSION = 5.0;
				TARGETED_DEVICE_FAMILY = "1,2";
				TEST_HOST = "$(BUILT_PRODUCTS_DIR)/ExRefactor_10_6.app/$(BUNDLE_EXECUTABLE_FOLDER_PATH)/ExRefactor_10_6";
			};
			name = Release;
		};
		4A7302BA2A52E85E00E41EFB /* Debug */ = {
			isa = XCBuildConfiguration;
			buildSettings = {
				ALWAYS_EMBED_SWIFT_STANDARD_LIBRARIES = YES;
				CODE_SIGN_STYLE = Automatic;
				CURRENT_PROJECT_VERSION = 1;
				DEVELOPMENT_TEAM = SS7U83UJNK;
				GENERATE_INFOPLIST_FILE = YES;
				MARKETING_VERSION = 1.0;
				PRODUCT_BUNDLE_IDENTIFIER = "com.jake.ExRefactor-10-6UITests";
				PRODUCT_NAME = "$(TARGET_NAME)";
				SWIFT_EMIT_LOC_STRINGS = NO;
				SWIFT_VERSION = 5.0;
				TARGETED_DEVICE_FAMILY = "1,2";
				TEST_TARGET_NAME = ExRefactor_10_6;
			};
			name = Debug;
		};
		4A7302BB2A52E85E00E41EFB /* Release */ = {
			isa = XCBuildConfiguration;
			buildSettings = {
				ALWAYS_EMBED_SWIFT_STANDARD_LIBRARIES = YES;
				CODE_SIGN_STYLE = Automatic;
				CURRENT_PROJECT_VERSION = 1;
				DEVELOPMENT_TEAM = SS7U83UJNK;
				GENERATE_INFOPLIST_FILE = YES;
				MARKETING_VERSION = 1.0;
				PRODUCT_BUNDLE_IDENTIFIER = "com.jake.ExRefactor-10-6UITests";
				PRODUCT_NAME = "$(TARGET_NAME)";
				SWIFT_EMIT_LOC_STRINGS = NO;
				SWIFT_VERSION = 5.0;
				TARGETED_DEVICE_FAMILY = "1,2";
				TEST_TARGET_NAME = ExRefactor_10_6;
			};
			name = Release;
		};
/* End XCBuildConfiguration section */

/* Begin XCConfigurationList section */
		4A7302842A52E85D00E41EFB /* Build configuration list for PBXProject "ExRefactor_10_6" */ = {
			isa = XCConfigurationList;
			buildConfigurations = (
				4A7302B12A52E85E00E41EFB /* Debug */,
				4A7302B22A52E85E00E41EFB /* Release */,
			);
			defaultConfigurationIsVisible = 0;
			defaultConfigurationName = Release;
		};
		4A7302B32A52E85E00E41EFB /* Build configuration list for PBXNativeTarget "ExRefactor_10_6" */ = {
			isa = XCConfigurationList;
			buildConfigurations = (
				4A7302B42A52E85E00E41EFB /* Debug */,
				4A7302B52A52E85E00E41EFB /* Release */,
			);
			defaultConfigurationIsVisible = 0;
			defaultConfigurationName = Release;
		};
		4A7302B62A52E85E00E41EFB /* Build configuration list for PBXNativeTarget "ExRefactor_10_6Tests" */ = {
			isa = XCConfigurationList;
			buildConfigurations = (
				4A7302B72A52E85E00E41EFB /* Debug */,
				4A7302B82A52E85E00E41EFB /* Release */,
			);
			defaultConfigurationIsVisible = 0;
			defaultConfigurationName = Release;
		};
		4A7302B92A52E85E00E41EFB /* Build configuration list for PBXNativeTarget "ExRefactor_10_6UITests" */ = {
			isa = XCConfigurationList;
			buildConfigurations = (
				4A7302BA2A52E85E00E41EFB /* Debug */,
				4A7302BB2A52E85E00E41EFB /* Release */,
			);
			defaultConfigurationIsVisible = 0;
			defaultConfigurationName = Release;
		};
/* End XCConfigurationList section */
	};
	rootObject = 4A7302812A52E85D00E41EFB /* Project object */;
}
